
Microsoft Visual Studio Solution File, Format Version 12.00
# Visual Studio Version 17
VisualStudioVersion = 17.13.35806.99 d17.13
MinimumVisualStudioVersion = 10.0.40219.1
Project("{FC65038C-1B2F-41E1-A629-BED71D161FFF}") = "AAXURLHelper (USR) [AAXURLHelper]", "AAXURLHelper\AAXURLHelper.rnrproj", "{83249285-9B23-4621-A2D3-27DA1C97669B}"
EndProject
Global
	GlobalSection(SolutionConfigurationPlatforms) = preSolution
		Debug|Any CPU = Debug|Any CPU
	EndGlobalSection
	GlobalSection(ProjectConfigurationPlatforms) = postSolution
		{83249285-9B23-4621-A2D3-27DA1C97669B}.Debug|Any CPU.ActiveCfg = Debug|Any CPU
		{83249285-9B23-4621-A2D3-27DA1C97669B}.Debug|Any CPU.Build.0 = Debug|Any CPU
	EndGlobalSection
	GlobalSection(SolutionProperties) = preSolution
		HideSolutionNode = FALSE
	EndGlobalSection
	GlobalSection(ExtensibilityGlobals) = postSolution
		SolutionGuid = {FAEA556B-9354-435D-92F8-9B2EC2969535}
	EndGlobalSection
EndGlobal
